
Microsoft Visual Studio Solution File, Format Version 12.00
# Visual Studio Version 16
VisualStudioVersion = 16.0.28803.452
MinimumVisualStudioVersion = 10.0.40219.1
Project("{FAE04EC0-301F-11D3-BF4B-00C04F79EFBC}") = "CalculatorTest", "CalculatorTest.csproj", "{D8B772E9-C49F-43FD-9D99-C479D28E1658}"
EndProject
Global
	GlobalSection(SolutionConfigurationPlatforms) = preSolution
		Debug|Any CPU = Debug|Any CPU
		Release|Any CPU = Release|Any CPU
	EndGlobalSection
	GlobalSection(ProjectConfigurationPlatforms) = postSolution
		{D8B772E9-C49F-43FD-9D99-C479D28E1658}.Debug|Any CPU.ActiveCfg = Debug|Any CPU
		{D8B772E9-C49F-43FD-9D99-C479D28E1658}.Debug|Any CPU.Build.0 = Debug|Any CPU
		{D8B772E9-C49F-43FD-9D99-C479D28E1658}.Release|Any CPU.ActiveCfg = Release|Any CPU
		{D8B772E9-C49F-43FD-9D99-C479D28E1658}.Release|Any CPU.Build.0 = Release|Any CPU
	EndGlobalSection
	GlobalSection(SolutionProperties) = preSolution
		HideSolutionNode = FALSE
	EndGlobalSection
	GlobalSection(ExtensibilityGlobals) = postSolution
		SolutionGuid = {E5D37A61-18A9-4D7A-AF93-023FC4CA05C5}
	EndGlobalSection
EndGlobal
