
Microsoft Visual Studio Solution File, Format Version 12.00
# Visual Studio Version 16
VisualStudioVersion = 16.0.28803.452
MinimumVisualStudioVersion = 10.0.40219.1
Project("{FAE04EC0-301F-11D3-BF4B-00C04F79EFBC}") = "CookieClickerWPF", "CookieClickerWPF.csproj", "{BCC7BE5E-7CE5-44C7-98AF-E750360A1126}"
EndProject
Global
	GlobalSection(SolutionConfigurationPlatforms) = preSolution
		Debug|Any CPU = Debug|Any CPU
		Release|Any CPU = Release|Any CPU
	EndGlobalSection
	GlobalSection(ProjectConfigurationPlatforms) = postSolution
		{BCC7BE5E-7CE5-44C7-98AF-E750360A1126}.Debug|Any CPU.ActiveCfg = Debug|Any CPU
		{BCC7BE5E-7CE5-44C7-98AF-E750360A1126}.Debug|Any CPU.Build.0 = Debug|Any CPU
		{BCC7BE5E-7CE5-44C7-98AF-E750360A1126}.Release|Any CPU.ActiveCfg = Release|Any CPU
		{BCC7BE5E-7CE5-44C7-98AF-E750360A1126}.Release|Any CPU.Build.0 = Release|Any CPU
	EndGlobalSection
	GlobalSection(SolutionProperties) = preSolution
		HideSolutionNode = FALSE
	EndGlobalSection
	GlobalSection(ExtensibilityGlobals) = postSolution
		SolutionGuid = {A50911D0-B11E-4E5E-97CA-703770EA5D27}
	EndGlobalSection
EndGlobal
