
Microsoft Visual Studio Solution File, Format Version 12.00
# Visual Studio Version 16
VisualStudioVersion = 16.0.28803.452
MinimumVisualStudioVersion = 10.0.40219.1
Project("{FAE04EC0-301F-11D3-BF4B-00C04F79EFBC}") = "HelloWorldBetter", "HelloWorldBetter\HelloWorldBetter.csproj", "{55FDCF3C-066E-463A-8120-71D946377242}"
EndProject
Global
	GlobalSection(SolutionConfigurationPlatforms) = preSolution
		Debug|Any CPU = Debug|Any CPU
		Release|Any CPU = Release|Any CPU
	EndGlobalSection
	GlobalSection(ProjectConfigurationPlatforms) = postSolution
		{55FDCF3C-066E-463A-8120-71D946377242}.Debug|Any CPU.ActiveCfg = Debug|Any CPU
		{55FDCF3C-066E-463A-8120-71D946377242}.Debug|Any CPU.Build.0 = Debug|Any CPU
		{55FDCF3C-066E-463A-8120-71D946377242}.Release|Any CPU.ActiveCfg = Release|Any CPU
		{55FDCF3C-066E-463A-8120-71D946377242}.Release|Any CPU.Build.0 = Release|Any CPU
	EndGlobalSection
	GlobalSection(SolutionProperties) = preSolution
		HideSolutionNode = FALSE
	EndGlobalSection
	GlobalSection(ExtensibilityGlobals) = postSolution
		SolutionGuid = {56EB41AD-7D36-4029-938C-F2EDA64B7DE8}
	EndGlobalSection
EndGlobal
